
Microsoft Visual Studio Solution File, Format Version 12.00
# Visual Studio Version 16
VisualStudioVersion = 16.0.29123.88
MinimumVisualStudioVersion = 10.0.40219.1
Project("{FAE04EC0-301F-11D3-BF4B-00C04F79EFBC}") = "ProjetoPosUpML", "ProjetoPosUpML.csproj", "{47E2AFDC-05C3-4628-B16C-18019C613497}"
EndProject
Global
	GlobalSection(SolutionConfigurationPlatforms) = preSolution
		Debug|Any CPU = Debug|Any CPU
		Release|Any CPU = Release|Any CPU
	EndGlobalSection
	GlobalSection(ProjectConfigurationPlatforms) = postSolution
		{47E2AFDC-05C3-4628-B16C-18019C613497}.Debug|Any CPU.ActiveCfg = Debug|Any CPU
		{47E2AFDC-05C3-4628-B16C-18019C613497}.Debug|Any CPU.Build.0 = Debug|Any CPU
		{47E2AFDC-05C3-4628-B16C-18019C613497}.Release|Any CPU.ActiveCfg = Release|Any CPU
		{47E2AFDC-05C3-4628-B16C-18019C613497}.Release|Any CPU.Build.0 = Release|Any CPU
	EndGlobalSection
	GlobalSection(SolutionProperties) = preSolution
		HideSolutionNode = FALSE
	EndGlobalSection
	GlobalSection(ExtensibilityGlobals) = postSolution
		SolutionGuid = {A7837058-E5AA-437B-9092-E7702493A2A5}
	EndGlobalSection
EndGlobal
